// !$*UTF8*$!
{
	archiveVersion = 1;
	classes = {
	};
	objectVersion = 48;
	objects = {

/* Begin PBXBuildFile section */
		6647BFF11FA064AA00DB3082 /* AppDelegate.swift in Sources */ = {isa = PBXBuildFile; fileRef = 6647BFF01FA064AA00DB3082 /* AppDelegate.swift */; };
		6647BFF31FA064AA00DB3082 /* ViewController.swift in Sources */ = {isa = PBXBuildFile; fileRef = 6647BFF21FA064AA00DB3082 /* ViewController.swift */; };
		6647BFF61FA064AA00DB3082 /* Main.storyboard in Resources */ = {isa = PBXBuildFile; fileRef = 6647BFF41FA064AA00DB3082 /* Main.storyboard */; };
		6647BFF81FA064AA00DB3082 /* Assets.xcassets in Resources */ = {isa = PBXBuildFile; fileRef = 6647BFF71FA064AA00DB3082 /* Assets.xcassets */; };
		6647BFFB1FA064AA00DB3082 /* LaunchScreen.storyboard in Resources */ = {isa = PBXBuildFile; fileRef = 6647BFF91FA064AA00DB3082 /* LaunchScreen.storyboard */; };
		665DD26E21AE7433001F6EF4 /* Default-568h@2x.png in Resources */ = {isa = PBXBuildFile; fileRef = 665DD26D21AE7433001F6EF4 /* Default-568h@2x.png */; };
/* End PBXBuildFile section */

/* Begin PBXFileReference section */
		6647BFED1FA064AA00DB3082 /* CheatingDice.app */ = {isa = PBXFileReference; explicitFileType = wrapper.application; includeInIndex = 0; path = CheatingDice.app; sourceTree = BUILT_PRODUCTS_DIR; };
		6647BFF01FA064AA00DB3082 /* AppDelegate.swift */ = {isa = PBXFileReference; lastKnownFileType = sourcecode.swift; path = AppDelegate.swift; sourceTree = "<group>"; };
		6647BFF21FA064AA00DB3082 /* ViewController.swift */ = {isa = PBXFileReference; lastKnownFileType = sourcecode.swift; path = ViewController.swift; sourceTree = "<group>"; };
		6647BFF51FA064AA00DB3082 /* Base */ = {isa = PBXFileReference; lastKnownFileType = file.storyboard; name = Base; path = Base.lproj/Main.storyboard; sourceTree = "<group>"; };
		6647BFF71FA064AA00DB3082 /* Assets.xcassets */ = {isa = PBXFileReference; lastKnownFileType = folder.assetcatalog; path = Assets.xcassets; sourceTree = "<group>"; };
		6647BFFA1FA064AA00DB3082 /* Base */ = {isa = PBXFileReference; lastKnownFileType = file.storyboard; name = Base; path = Base.lproj/LaunchScreen.storyboard; sourceTree = "<group>"; };
		6647BFFC1FA064AA00DB3082 /* Info.plist */ = {isa = PBXFileReference; lastKnownFileType = text.plist.xml; path = Info.plist; sourceTree = "<group>"; };
		665DD26D21AE7433001F6EF4 /* Default-568h@2x.png */ = {isa = PBXFileReference; lastKnownFileType = image.png; path = "Default-568h@2x.png"; sourceTree = "<group>"; };
/* End PBXFileReference section */

/* Begin PBXFrameworksBuildPhase section */
		6647BFEA1FA064AA00DB3082 /* Frameworks */ = {
			isa = PBXFrameworksBuildPhase;
			buildActionMask = 2147483647;
			files = (
			);
			runOnlyForDeploymentPostprocessing = 0;
		};
/* End PBXFrameworksBuildPhase section */

/* Begin PBXGroup section */
		6647BFE41FA064AA00DB3082 = {
			isa = PBXGroup;
			children = (
				665DD26D21AE7433001F6EF4 /* Default-568h@2x.png */,
				6647BFEF1FA064AA00DB3082 /* Dicee */,
				6647BFEE1FA064AA00DB3082 /* Products */,
			);
			sourceTree = "<group>";
		};
		6647BFEE1FA064AA00DB3082 /* Products */ = {
			isa = PBXGroup;
			children = (
				6647BFED1FA064AA00DB3082 /* CheatingDice.app */,
			);
			name = Products;
			sourceTree = "<group>";
		};
		6647BFEF1FA064AA00DB3082 /* Dicee */ = {
			isa = PBXGroup;
			children = (
				6647BFFC1FA064AA00DB3082 /* Info.plist */,
				6647BFF01FA064AA00DB3082 /* AppDelegate.swift */,
				6647BFF21FA064AA00DB3082 /* ViewController.swift */,
				669668E81FE724F500716F47 /* view */,
			);
			path = Dicee;
			sourceTree = "<group>";
		};
		669668E81FE724F500716F47 /* view */ = {
			isa = PBXGroup;
			children = (
				6647BFF41FA064AA00DB3082 /* Main.storyboard */,
				6647BFF71FA064AA00DB3082 /* Assets.xcassets */,
				6647BFF91FA064AA00DB3082 /* LaunchScreen.storyboard */,
			);
			path = view;
			sourceTree = "<group>";
		};
/* End PBXGroup section */

/* Begin PBXNativeTarget section */
		6647BFEC1FA064AA00DB3082 /* CheatingDice */ = {
			isa = PBXNativeTarget;
			buildConfigurationList = 6647BFFF1FA064AA00DB3082 /* Build configuration list for PBXNativeTarget "CheatingDice" */;
			buildPhases = (
				6647BFE91FA064AA00DB3082 /* Sources */,
				6647BFEA1FA064AA00DB3082 /* Frameworks */,
				6647BFEB1FA064AA00DB3082 /* Resources */,
			);
			buildRules = (
			);
			dependencies = (
			);
			name = CheatingDice;
			productName = Dicee;
			productReference = 6647BFED1FA064AA00DB3082 /* CheatingDice.app */;
			productType = "com.apple.product-type.application";
		};
/* End PBXNativeTarget section */

/* Begin PBXProject section */
		6647BFE51FA064AA00DB3082 /* Project object */ = {
			isa = PBXProject;
			attributes = {
				LastSwiftUpdateCheck = 0900;
				LastUpgradeCheck = 1010;
				ORGANIZATIONNAME = "Chen's studio";
				TargetAttributes = {
					6647BFEC1FA064AA00DB3082 = {
						CreatedOnToolsVersion = 9.0.1;
						ProvisioningStyle = Automatic;
					};
				};
			};
			buildConfigurationList = 6647BFE81FA064AA00DB3082 /* Build configuration list for PBXProject "CheatingDice" */;
			compatibilityVersion = "Xcode 8.0";
			developmentRegion = en;
			hasScannedForEncodings = 0;
			knownRegions = (
				en,
				Base,
			);
			mainGroup = 6647BFE41FA064AA00DB3082;
			productRefGroup = 6647BFEE1FA064AA00DB3082 /* Products */;
			projectDirPath = "";
			projectRoot = "";
			targets = (
				6647BFEC1FA064AA00DB3082 /* CheatingDice */,
			);
		};
/* End PBXProject section */

/* Begin PBXResourcesBuildPhase section */
		6647BFEB1FA064AA00DB3082 /* Resources */ = {
			isa = PBXResourcesBuildPhase;
			buildActionMask = 2147483647;
			files = (
				6647BFFB1FA064AA00DB3082 /* LaunchScreen.storyboard in Resources */,
				665DD26E21AE7433001F6EF4 /* Default-568h@2x.png in Resources */,
				6647BFF81FA064AA00DB3082 /* Assets.xcassets in Resources */,
				6647BFF61FA064AA00DB3082 /* Main.storyboard in Resources */,
			);
			runOnlyForDeploymentPostprocessing = 0;
		};
/* End PBXResourcesBuildPhase section */

/* Begin PBXSourcesBuildPhase section */
		6647BFE91FA064AA00DB3082 /* Sources */ = {
			isa = PBXSourcesBuildPhase;
			buildActionMask = 2147483647;
			files = (
				6647BFF31FA064AA00DB3082 /* ViewController.swift in Sources */,
				6647BFF11FA064AA00DB3082 /* AppDelegate.swift in Sources */,
			);
			runOnlyForDeploymentPostprocessing = 0;
		};
/* End PBXSourcesBuildPhase section */

/* Begin PBXVariantGroup section */
		6647BFF41FA064AA00DB3082 /* Main.storyboard */ = {
			isa = PBXVariantGroup;
			children = (
				6647BFF51FA064AA00DB3082 /* Base */,
			);
			name = Main.storyboard;
			sourceTree = "<group>";
		};
		6647BFF91FA064AA00DB3082 /* LaunchScreen.storyboard */ = {
			isa = PBXVariantGroup;
			children = (
				6647BFFA1FA064AA00DB3082 /* Base */,
			);
			name = LaunchScreen.storyboard;
			sourceTree = "<group>";
		};
/* End PBXVariantGroup section */

/* Begin XCBuildConfiguration section */
		6647BFFD1FA064AA00DB3082 /* Debug */ = {
			isa = XCBuildConfiguration;
			buildSettings = {
				ALWAYS_SEARCH_USER_PATHS = NO;
				CLANG_ANALYZER_NONNULL = YES;
				CLANG_ANALYZER_NUMBER_OBJECT_CONVERSION = YES_AGGRESSIVE;
				CLANG_CXX_LANGUAGE_STANDARD = "gnu++14";
				CLANG_CXX_LIBRARY = "libc++";
				CLANG_ENABLE_MODULES = YES;
				CLANG_ENABLE_OBJC_ARC = YES;
				CLANG_WARN_BLOCK_CAPTURE_AUTORELEASING = YES;
				CLANG_WARN_BOOL_CONVERSION = YES;
				CLANG_WARN_COMMA = YES;
				CLANG_WARN_CONSTANT_CONVERSION = YES;
				CLANG_WARN_DEPRECATED_OBJC_IMPLEMENTATIONS = YES;
				CLANG_WARN_DIRECT_OBJC_ISA_USAGE = YES_ERROR;
				CLANG_WARN_DOCUMENTATION_COMMENTS = YES;
				CLANG_WARN_EMPTY_BODY = YES;
				CLANG_WARN_ENUM_CONVERSION = YES;
				CLANG_WARN_INFINITE_RECURSION = YES;
				CLANG_WARN_INT_CONVERSION = YES;
				CLANG_WARN_NON_LITERAL_NULL_CONVERSION = YES;
				CLANG_WARN_OBJC_IMPLICIT_RETAIN_SELF = YES;
				CLANG_WARN_OBJC_LITERAL_CONVERSION = YES;
				CLANG_WARN_OBJC_ROOT_CLASS = YES_ERROR;
				CLANG_WARN_RANGE_LOOP_ANALYSIS = YES;
				CLANG_WARN_STRICT_PROTOTYPES = YES;
				CLANG_WARN_SUSPICIOUS_MOVE = YES;
				CLANG_WARN_UNGUARDED_AVAILABILITY = YES_AGGRESSIVE;
				CLANG_WARN_UNREACHABLE_CODE = YES;
				CLANG_WARN__DUPLICATE_METHOD_MATCH = YES;
				CODE_SIGN_IDENTITY = "iPhone Developer";
				COPY_PHASE_STRIP = NO;
				DEBUG_INFORMATION_FORMAT = dwarf;
				ENABLE_STRICT_OBJC_MSGSEND = YES;
				ENABLE_TESTABILITY = YES;
				GCC_C_LANGUAGE_STANDARD = gnu11;
				GCC_DYNAMIC_NO_PIC = NO;
				GCC_NO_COMMON_BLOCKS = YES;
				GCC_OPTIMIZATION_LEVEL = 0;
				GCC_PREPROCESSOR_DEFINITIONS = (
					"DEBUG=1",
					"$(inherited)",
				);
				GCC_WARN_64_TO_32_BIT_CONVERSION = YES;
				GCC_WARN_ABOUT_RETURN_TYPE = YES_ERROR;
				GCC_WARN_UNDECLARED_SELECTOR = YES;
				GCC_WARN_UNINITIALIZED_AUTOS = YES_AGGRESSIVE;
				GCC_WARN_UNUSED_FUNCTION = YES;
				GCC_WARN_UNUSED_VARIABLE = YES;
				IPHONEOS_DEPLOYMENT_TARGET = 11.0;
				MTL_ENABLE_DEBUG_INFO = YES;
				ONLY_ACTIVE_ARCH = YES;
				SDKROOT = iphoneos;
				SWIFT_ACTIVE_COMPILATION_CONDITIONS = DEBUG;
				SWIFT_OPTIMIZATION_LEVEL = "-Onone";
			};
			name = Debug;
		};
		6647BFFE1FA064AA00DB3082 /* Release */ = {
			isa = XCBuildConfiguration;
			buildSettings = {
				ALWAYS_SEARCH_USER_PATHS = NO;
				CLANG_ANALYZER_NONNULL = YES;
				CLANG_ANALYZER_NUMBER_OBJECT_CONVERSION = YES_AGGRESSIVE;
				CLANG_CXX_LANGUAGE_STANDARD = "gnu++14";
				CLANG_CXX_LIBRARY = "libc++";
				CLANG_ENABLE_MODULES = YES;
				CLANG_ENABLE_OBJC_ARC = YES;
				CLANG_WARN_BLOCK_CAPTURE_AUTORELEASING = YES;
				CLANG_WARN_BOOL_CONVERSION = YES;
				CLANG_WARN_COMMA = YES;
				CLANG_WARN_CONSTANT_CONVERSION = YES;
				CLANG_WARN_DEPRECATED_OBJC_IMPLEMENTATIONS = YES;
				CLANG_WARN_DIRECT_OBJC_ISA_USAGE = YES_ERROR;
				CLANG_WARN_DOCUMENTATION_COMMENTS = YES;
				CLANG_WARN_EMPTY_BODY = YES;
				CLANG_WARN_ENUM_CONVERSION = YES;
				CLANG_WARN_INFINITE_RECURSION = YES;
				CLANG_WARN_INT_CONVERSION = YES;
				CLANG_WARN_NON_LITERAL_NULL_CONVERSION = YES;
				CLANG_WARN_OBJC_IMPLICIT_RETAIN_SELF = YES;
				CLANG_WARN_OBJC_LITERAL_CONVERSION = YES;
				CLANG_WARN_OBJC_ROOT_CLASS = YES_ERROR;
				CLANG_WARN_RANGE_LOOP_ANALYSIS = YES;
				CLANG_WARN_STRICT_PROTOTYPES = YES;
				CLANG_WARN_SUSPICIOUS_MOVE = YES;
				CLANG_WARN_UNGUARDED_AVAILABILITY = YES_AGGRESSIVE;
				CLANG_WARN_UNREACHABLE_CODE = YES;
				CLANG_WARN__DUPLICATE_METHOD_MATCH = YES;
				CODE_SIGN_IDENTITY = "iPhone Developer";
				COPY_PHASE_STRIP = NO;
				DEBUG_INFORMATION_FORMAT = "dwarf-with-dsym";
				ENABLE_NS_ASSERTIONS = NO;
				ENABLE_STRICT_OBJC_MSGSEND = YES;
				GCC_C_LANGUAGE_STANDARD = gnu11;
				GCC_NO_COMMON_BLOCKS = YES;
				GCC_WARN_64_TO_32_BIT_CONVERSION = YES;
				GCC_WARN_ABOUT_RETURN_TYPE = YES_ERROR;
				GCC_WARN_UNDECLARED_SELECTOR = YES;
				GCC_WARN_UNINITIALIZED_AUTOS = YES_AGGRESSIVE;
				GCC_WARN_UNUSED_FUNCTION = YES;
				GCC_WARN_UNUSED_VARIABLE = YES;
				IPHONEOS_DEPLOYMENT_TARGET = 11.0;
				MTL_ENABLE_DEBUG_INFO = NO;
				SDKROOT = iphoneos;
				SWIFT_OPTIMIZATION_LEVEL = "-Owholemodule";
				VALIDATE_PRODUCT = YES;
			};
			name = Release;
		};
		6647C0001FA064AA00DB3082 /* Debug */ = {
			isa = XCBuildConfiguration;
			buildSettings = {
				ASSETCATALOG_COMPILER_APPICON_NAME = AppIcon;
				CODE_SIGN_STYLE = Automatic;
				DEVELOPMENT_TEAM = 3434CZ5U2F;
				INFOPLIST_FILE = Dicee/Info.plist;
				IPHONEOS_DEPLOYMENT_TARGET = 10.1;
				LD_RUNPATH_SEARCH_PATHS = "$(inherited) @executable_path/Frameworks";
				PRODUCT_BUNDLE_IDENTIFIER = com.ChenWangStudio.Dicee;
				PRODUCT_NAME = "$(TARGET_NAME)";
				SWIFT_VERSION = 4.0;
				TARGETED_DEVICE_FAMILY = "1,2";
			};
			name = Debug;
		};
		6647C0011FA064AA00DB3082 /* Release */ = {
			isa = XCBuildConfiguration;
			buildSettings = {
				ASSETCATALOG_COMPILER_APPICON_NAME = AppIcon;
				CODE_SIGN_STYLE = Automatic;
				DEVELOPMENT_TEAM = 3434CZ5U2F;
				INFOPLIST_FILE = Dicee/Info.plist;
				IPHONEOS_DEPLOYMENT_TARGET = 10.1;
				LD_RUNPATH_SEARCH_PATHS = "$(inherited) @executable_path/Frameworks";
				PRODUCT_BUNDLE_IDENTIFIER = com.ChenWangStudio.Dicee;
				PRODUCT_NAME = "$(TARGET_NAME)";
				SWIFT_VERSION = 4.0;
				TARGETED_DEVICE_FAMILY = "1,2";
			};
			name = Release;
		};
/* End XCBuildConfiguration section */

/* Begin XCConfigurationList section */
		6647BFE81FA064AA00DB3082 /* Build configuration list for PBXProject "CheatingDice" */ = {
			isa = XCConfigurationList;
			buildConfigurations = (
				6647BFFD1FA064AA00DB3082 /* Debug */,
				6647BFFE1FA064AA00DB3082 /* Release */,
			);
			defaultConfigurationIsVisible = 0;
			defaultConfigurationName = Release;
		};
		6647BFFF1FA064AA00DB3082 /* Build configuration list for PBXNativeTarget "CheatingDice" */ = {
			isa = XCConfigurationList;
			buildConfigurations = (
				6647C0001FA064AA00DB3082 /* Debug */,
				6647C0011FA064AA00DB3082 /* Release */,
			);
			defaultConfigurationIsVisible = 0;
			defaultConfigurationName = Release;
		};
/* End XCConfigurationList section */
	};
	rootObject = 6647BFE51FA064AA00DB3082 /* Project object */;
}
